{
  "name": "lumexum-blockly",
  "lockfileVersion": 2,
  "requires": true,
  "packages": {
    "": {
      "devDependencies": {
        "@types/web-bluetooth": "^0.0.12"
      }
    },
    "node_modules/@types/web-bluetooth": {
      "version": "0.0.12",
      "resolved": "https://registry.npmjs.org/@types/web-bluetooth/-/web-bluetooth-0.0.12.tgz",
      "integrity": "sha512-Q4sUrowpylCOWjUWFtNwkNBHQUnCL8y44Iq2ZLtVMAuAGIwPSXa3kqIvu2LwXoc2d1jyaaw4Bg354degHrsADw==",
      "dev": true
    }
  },
  "dependencies": {
    "@types/web-bluetooth": {
      "version": "0.0.12",
      "resolved": "https://registry.npmjs.org/@types/web-bluetooth/-/web-bluetooth-0.0.12.tgz",
      "integrity": "sha512-Q4sUrowpylCOWjUWFtNwkNBHQUnCL8y44Iq2ZLtVMAuAGIwPSXa3kqIvu2LwXoc2d1jyaaw4Bg354degHrsADw==",
      "dev": true
    }
  }
}
